
Microsoft Visual Studio Solution File, Format Version 12.00
# Visual Studio Version 16
VisualStudioVersion = 16.0.30907.101
MinimumVisualStudioVersion = 10.0.40219.1
Project("{FAE04EC0-301F-11D3-BF4B-00C04F79EFBC}") = "GodotGithubOverview", "GodotGithubOverview.csproj", "{D192E5F4-3771-42F3-98DB-E0682A35B4BE}"
EndProject
Global
	GlobalSection(SolutionConfigurationPlatforms) = preSolution
		Debug|Any CPU = Debug|Any CPU
		Release|Any CPU = Release|Any CPU
	EndGlobalSection
	GlobalSection(ProjectConfigurationPlatforms) = postSolution
		{D192E5F4-3771-42F3-98DB-E0682A35B4BE}.Debug|Any CPU.ActiveCfg = Debug|Any CPU
		{D192E5F4-3771-42F3-98DB-E0682A35B4BE}.Debug|Any CPU.Build.0 = Debug|Any CPU
		{D192E5F4-3771-42F3-98DB-E0682A35B4BE}.Release|Any CPU.ActiveCfg = Release|Any CPU
		{D192E5F4-3771-42F3-98DB-E0682A35B4BE}.Release|Any CPU.Build.0 = Release|Any CPU
	EndGlobalSection
	GlobalSection(SolutionProperties) = preSolution
		HideSolutionNode = FALSE
	EndGlobalSection
	GlobalSection(ExtensibilityGlobals) = postSolution
		SolutionGuid = {B3323013-AA9B-4EC3-82F3-87C5E3C356E3}
	EndGlobalSection
EndGlobal
